// !$*UTF8*$!
{
	archiveVersion = 1;
	classes = {
	};
	objectVersion = 56;
	objects = {

/* Begin PBXBuildFile section */
		0520FB812C9C2DB200515ECD /* AppDelegate.swift in Sources */ = {isa = PBXBuildFile; fileRef = 0520FB802C9C2DB200515ECD /* AppDelegate.swift */; };
		0520FB832C9C2DB400515ECD /* Assets.xcassets in Resources */ = {isa = PBXBuildFile; fileRef = 0520FB822C9C2DB400515ECD /* Assets.xcassets */; };
		0520FB862C9C2DB400515ECD /* Base in Resources */ = {isa = PBXBuildFile; fileRef = 0520FB852C9C2DB400515ECD /* Base */; };
		0520FB8E2C9C2DD900515ECD /* MainWindowController.swift in Sources */ = {isa = PBXBuildFile; fileRef = 0520FB8D2C9C2DD900515ECD /* MainWindowController.swift */; };
		0520FB902C9C2DEC00515ECD /* MainWindowController.xib in Resources */ = {isa = PBXBuildFile; fileRef = 0520FB8F2C9C2DEC00515ECD /* MainWindowController.xib */; };
		0520FB922C9C2F3A00515ECD /* Device.swift in Sources */ = {isa = PBXBuildFile; fileRef = 0520FB912C9C2F3A00515ECD /* Device.swift */; };
/* End PBXBuildFile section */

/* Begin PBXFileReference section */
		0520FB7D2C9C2DB200515ECD /* FB15174703.app */ = {isa = PBXFileReference; explicitFileType = wrapper.application; includeInIndex = 0; path = FB15174703.app; sourceTree = BUILT_PRODUCTS_DIR; };
		0520FB802C9C2DB200515ECD /* AppDelegate.swift */ = {isa = PBXFileReference; lastKnownFileType = sourcecode.swift; path = AppDelegate.swift; sourceTree = "<group>"; };
		0520FB822C9C2DB400515ECD /* Assets.xcassets */ = {isa = PBXFileReference; lastKnownFileType = folder.assetcatalog; path = Assets.xcassets; sourceTree = "<group>"; };
		0520FB852C9C2DB400515ECD /* Base */ = {isa = PBXFileReference; lastKnownFileType = file.xib; name = Base; path = Base.lproj/MainMenu.xib; sourceTree = "<group>"; };
		0520FB872C9C2DB400515ECD /* FB15174703.entitlements */ = {isa = PBXFileReference; lastKnownFileType = text.plist.entitlements; path = FB15174703.entitlements; sourceTree = "<group>"; };
		0520FB8D2C9C2DD900515ECD /* MainWindowController.swift */ = {isa = PBXFileReference; lastKnownFileType = sourcecode.swift; path = MainWindowController.swift; sourceTree = "<group>"; };
		0520FB8F2C9C2DEC00515ECD /* MainWindowController.xib */ = {isa = PBXFileReference; lastKnownFileType = file.xib; path = MainWindowController.xib; sourceTree = "<group>"; };
		0520FB912C9C2F3A00515ECD /* Device.swift */ = {isa = PBXFileReference; lastKnownFileType = sourcecode.swift; path = Device.swift; sourceTree = "<group>"; };
		0520FB9B2C9C4FF900515ECD /* LICENSE */ = {isa = PBXFileReference; lastKnownFileType = text; path = LICENSE; sourceTree = "<group>"; };
		0520FB9C2C9C4FF900515ECD /* README.md */ = {isa = PBXFileReference; lastKnownFileType = net.daringfireball.markdown; path = README.md; sourceTree = "<group>"; };
		0520FB9D2C9C4FF900515ECD /* CODE_OF_CONDUCT.md */ = {isa = PBXFileReference; lastKnownFileType = net.daringfireball.markdown; path = CODE_OF_CONDUCT.md; sourceTree = "<group>"; };
/* End PBXFileReference section */

/* Begin PBXFrameworksBuildPhase section */
		0520FB7A2C9C2DB200515ECD /* Frameworks */ = {
			isa = PBXFrameworksBuildPhase;
			buildActionMask = 2147483647;
			files = (
			);
			runOnlyForDeploymentPostprocessing = 0;
		};
/* End PBXFrameworksBuildPhase section */

/* Begin PBXGroup section */
		0520FB742C9C2DB200515ECD = {
			isa = PBXGroup;
			children = (
				0520FB9D2C9C4FF900515ECD /* CODE_OF_CONDUCT.md */,
				0520FB9B2C9C4FF900515ECD /* LICENSE */,
				0520FB9C2C9C4FF900515ECD /* README.md */,
				0520FB7F2C9C2DB200515ECD /* FB15174703 */,
				0520FB7E2C9C2DB200515ECD /* Products */,
			);
			sourceTree = "<group>";
		};
		0520FB7E2C9C2DB200515ECD /* Products */ = {
			isa = PBXGroup;
			children = (
				0520FB7D2C9C2DB200515ECD /* FB15174703.app */,
			);
			name = Products;
			sourceTree = "<group>";
		};
		0520FB7F2C9C2DB200515ECD /* FB15174703 */ = {
			isa = PBXGroup;
			children = (
				0520FB802C9C2DB200515ECD /* AppDelegate.swift */,
				0520FB822C9C2DB400515ECD /* Assets.xcassets */,
				0520FB842C9C2DB400515ECD /* MainMenu.xib */,
				0520FB8D2C9C2DD900515ECD /* MainWindowController.swift */,
				0520FB912C9C2F3A00515ECD /* Device.swift */,
				0520FB8F2C9C2DEC00515ECD /* MainWindowController.xib */,
				0520FB872C9C2DB400515ECD /* FB15174703.entitlements */,
			);
			path = FB15174703;
			sourceTree = "<group>";
		};
/* End PBXGroup section */

/* Begin PBXNativeTarget section */
		0520FB7C2C9C2DB200515ECD /* FB15174703 */ = {
			isa = PBXNativeTarget;
			buildConfigurationList = 0520FB8A2C9C2DB400515ECD /* Build configuration list for PBXNativeTarget "FB15174703" */;
			buildPhases = (
				0520FB792C9C2DB200515ECD /* Sources */,
				0520FB7A2C9C2DB200515ECD /* Frameworks */,
				0520FB7B2C9C2DB200515ECD /* Resources */,
			);
			buildRules = (
			);
			dependencies = (
			);
			name = FB15174703;
			productName = TestLocalNetwork;
			productReference = 0520FB7D2C9C2DB200515ECD /* FB15174703.app */;
			productType = "com.apple.product-type.application";
		};
/* End PBXNativeTarget section */

/* Begin PBXProject section */
		0520FB752C9C2DB200515ECD /* Project object */ = {
			isa = PBXProject;
			attributes = {
				BuildIndependentTargetsInParallel = 1;
				LastSwiftUpdateCheck = 1540;
				LastUpgradeCheck = 1540;
				TargetAttributes = {
					0520FB7C2C9C2DB200515ECD = {
						CreatedOnToolsVersion = 15.4;
					};
				};
			};
			buildConfigurationList = 0520FB782C9C2DB200515ECD /* Build configuration list for PBXProject "FB15174703" */;
			compatibilityVersion = "Xcode 14.0";
			developmentRegion = en;
			hasScannedForEncodings = 0;
			knownRegions = (
				en,
				Base,
			);
			mainGroup = 0520FB742C9C2DB200515ECD;
			productRefGroup = 0520FB7E2C9C2DB200515ECD /* Products */;
			projectDirPath = "";
			projectRoot = "";
			targets = (
				0520FB7C2C9C2DB200515ECD /* FB15174703 */,
			);
		};
/* End PBXProject section */

/* Begin PBXResourcesBuildPhase section */
		0520FB7B2C9C2DB200515ECD /* Resources */ = {
			isa = PBXResourcesBuildPhase;
			buildActionMask = 2147483647;
			files = (
				0520FB832C9C2DB400515ECD /* Assets.xcassets in Resources */,
				0520FB902C9C2DEC00515ECD /* MainWindowController.xib in Resources */,
				0520FB862C9C2DB400515ECD /* Base in Resources */,
			);
			runOnlyForDeploymentPostprocessing = 0;
		};
/* End PBXResourcesBuildPhase section */

/* Begin PBXSourcesBuildPhase section */
		0520FB792C9C2DB200515ECD /* Sources */ = {
			isa = PBXSourcesBuildPhase;
			buildActionMask = 2147483647;
			files = (
				0520FB922C9C2F3A00515ECD /* Device.swift in Sources */,
				0520FB8E2C9C2DD900515ECD /* MainWindowController.swift in Sources */,
				0520FB812C9C2DB200515ECD /* AppDelegate.swift in Sources */,
			);
			runOnlyForDeploymentPostprocessing = 0;
		};
/* End PBXSourcesBuildPhase section */

/* Begin PBXVariantGroup section */
		0520FB842C9C2DB400515ECD /* MainMenu.xib */ = {
			isa = PBXVariantGroup;
			children = (
				0520FB852C9C2DB400515ECD /* Base */,
			);
			name = MainMenu.xib;
			sourceTree = "<group>";
		};
/* End PBXVariantGroup section */

/* Begin XCBuildConfiguration section */
		0520FB882C9C2DB400515ECD /* Debug */ = {
			isa = XCBuildConfiguration;
			buildSettings = {
				ALWAYS_SEARCH_USER_PATHS = NO;
				ASSETCATALOG_COMPILER_GENERATE_SWIFT_ASSET_SYMBOL_EXTENSIONS = YES;
				CLANG_ANALYZER_NONNULL = YES;
				CLANG_ANALYZER_NUMBER_OBJECT_CONVERSION = YES_AGGRESSIVE;
				CLANG_CXX_LANGUAGE_STANDARD = "gnu++20";
				CLANG_ENABLE_MODULES = YES;
				CLANG_ENABLE_OBJC_ARC = YES;
				CLANG_ENABLE_OBJC_WEAK = YES;
				CLANG_WARN_BLOCK_CAPTURE_AUTORELEASING = YES;
				CLANG_WARN_BOOL_CONVERSION = YES;
				CLANG_WARN_COMMA = YES;
				CLANG_WARN_CONSTANT_CONVERSION = YES;
				CLANG_WARN_DEPRECATED_OBJC_IMPLEMENTATIONS = YES;
				CLANG_WARN_DIRECT_OBJC_ISA_USAGE = YES_ERROR;
				CLANG_WARN_DOCUMENTATION_COMMENTS = YES;
				CLANG_WARN_EMPTY_BODY = YES;
				CLANG_WARN_ENUM_CONVERSION = YES;
				CLANG_WARN_INFINITE_RECURSION = YES;
				CLANG_WARN_INT_CONVERSION = YES;
				CLANG_WARN_NON_LITERAL_NULL_CONVERSION = YES;
				CLANG_WARN_OBJC_IMPLICIT_RETAIN_SELF = YES;
				CLANG_WARN_OBJC_LITERAL_CONVERSION = YES;
				CLANG_WARN_OBJC_ROOT_CLASS = YES_ERROR;
				CLANG_WARN_QUOTED_INCLUDE_IN_FRAMEWORK_HEADER = YES;
				CLANG_WARN_RANGE_LOOP_ANALYSIS = YES;
				CLANG_WARN_STRICT_PROTOTYPES = YES;
				CLANG_WARN_SUSPICIOUS_MOVE = YES;
				CLANG_WARN_UNGUARDED_AVAILABILITY = YES_AGGRESSIVE;
				CLANG_WARN_UNREACHABLE_CODE = YES;
				CLANG_WARN__DUPLICATE_METHOD_MATCH = YES;
				COPY_PHASE_STRIP = NO;
				DEBUG_INFORMATION_FORMAT = dwarf;
				ENABLE_STRICT_OBJC_MSGSEND = YES;
				ENABLE_TESTABILITY = YES;
				ENABLE_USER_SCRIPT_SANDBOXING = YES;
				GCC_C_LANGUAGE_STANDARD = gnu17;
				GCC_DYNAMIC_NO_PIC = NO;
				GCC_NO_COMMON_BLOCKS = YES;
				GCC_OPTIMIZATION_LEVEL = 0;
				GCC_PREPROCESSOR_DEFINITIONS = (
					"DEBUG=1",
					"$(inherited)",
				);
				GCC_WARN_64_TO_32_BIT_CONVERSION = YES;
				GCC_WARN_ABOUT_RETURN_TYPE = YES_ERROR;
				GCC_WARN_UNDECLARED_SELECTOR = YES;
				GCC_WARN_UNINITIALIZED_AUTOS = YES_AGGRESSIVE;
				GCC_WARN_UNUSED_FUNCTION = YES;
				GCC_WARN_UNUSED_VARIABLE = YES;
				LOCALIZATION_PREFERS_STRING_CATALOGS = YES;
				MACOSX_DEPLOYMENT_TARGET = 14.5;
				MTL_ENABLE_DEBUG_INFO = INCLUDE_SOURCE;
				MTL_FAST_MATH = YES;
				ONLY_ACTIVE_ARCH = YES;
				SDKROOT = macosx;
				SWIFT_ACTIVE_COMPILATION_CONDITIONS = "DEBUG $(inherited)";
				SWIFT_OPTIMIZATION_LEVEL = "-Onone";
			};
			name = Debug;
		};
		0520FB892C9C2DB400515ECD /* Release */ = {
			isa = XCBuildConfiguration;
			buildSettings = {
				ALWAYS_SEARCH_USER_PATHS = NO;
				ASSETCATALOG_COMPILER_GENERATE_SWIFT_ASSET_SYMBOL_EXTENSIONS = YES;
				CLANG_ANALYZER_NONNULL = YES;
				CLANG_ANALYZER_NUMBER_OBJECT_CONVERSION = YES_AGGRESSIVE;
				CLANG_CXX_LANGUAGE_STANDARD = "gnu++20";
				CLANG_ENABLE_MODULES = YES;
				CLANG_ENABLE_OBJC_ARC = YES;
				CLANG_ENABLE_OBJC_WEAK = YES;
				CLANG_WARN_BLOCK_CAPTURE_AUTORELEASING = YES;
				CLANG_WARN_BOOL_CONVERSION = YES;
				CLANG_WARN_COMMA = YES;
				CLANG_WARN_CONSTANT_CONVERSION = YES;
				CLANG_WARN_DEPRECATED_OBJC_IMPLEMENTATIONS = YES;
				CLANG_WARN_DIRECT_OBJC_ISA_USAGE = YES_ERROR;
				CLANG_WARN_DOCUMENTATION_COMMENTS = YES;
				CLANG_WARN_EMPTY_BODY = YES;
				CLANG_WARN_ENUM_CONVERSION = YES;
				CLANG_WARN_INFINITE_RECURSION = YES;
				CLANG_WARN_INT_CONVERSION = YES;
				CLANG_WARN_NON_LITERAL_NULL_CONVERSION = YES;
				CLANG_WARN_OBJC_IMPLICIT_RETAIN_SELF = YES;
				CLANG_WARN_OBJC_LITERAL_CONVERSION = YES;
				CLANG_WARN_OBJC_ROOT_CLASS = YES_ERROR;
				CLANG_WARN_QUOTED_INCLUDE_IN_FRAMEWORK_HEADER = YES;
				CLANG_WARN_RANGE_LOOP_ANALYSIS = YES;
				CLANG_WARN_STRICT_PROTOTYPES = YES;
				CLANG_WARN_SUSPICIOUS_MOVE = YES;
				CLANG_WARN_UNGUARDED_AVAILABILITY = YES_AGGRESSIVE;
				CLANG_WARN_UNREACHABLE_CODE = YES;
				CLANG_WARN__DUPLICATE_METHOD_MATCH = YES;
				COPY_PHASE_STRIP = NO;
				DEBUG_INFORMATION_FORMAT = "dwarf-with-dsym";
				ENABLE_NS_ASSERTIONS = NO;
				ENABLE_STRICT_OBJC_MSGSEND = YES;
				ENABLE_USER_SCRIPT_SANDBOXING = YES;
				GCC_C_LANGUAGE_STANDARD = gnu17;
				GCC_NO_COMMON_BLOCKS = YES;
				GCC_WARN_64_TO_32_BIT_CONVERSION = YES;
				GCC_WARN_ABOUT_RETURN_TYPE = YES_ERROR;
				GCC_WARN_UNDECLARED_SELECTOR = YES;
				GCC_WARN_UNINITIALIZED_AUTOS = YES_AGGRESSIVE;
				GCC_WARN_UNUSED_FUNCTION = YES;
				GCC_WARN_UNUSED_VARIABLE = YES;
				LOCALIZATION_PREFERS_STRING_CATALOGS = YES;
				MACOSX_DEPLOYMENT_TARGET = 14.5;
				MTL_ENABLE_DEBUG_INFO = NO;
				MTL_FAST_MATH = YES;
				SDKROOT = macosx;
				SWIFT_COMPILATION_MODE = wholemodule;
			};
			name = Release;
		};
		0520FB8B2C9C2DB400515ECD /* Debug */ = {
			isa = XCBuildConfiguration;
			buildSettings = {
				ASSETCATALOG_COMPILER_APPICON_NAME = AppIcon;
				ASSETCATALOG_COMPILER_GLOBAL_ACCENT_COLOR_NAME = AccentColor;
				CODE_SIGN_ENTITLEMENTS = FB15174703/FB15174703.entitlements;
				CODE_SIGN_STYLE = Automatic;
				COMBINE_HIDPI_IMAGES = YES;
				CURRENT_PROJECT_VERSION = 1;
				GENERATE_INFOPLIST_FILE = YES;
				INFOPLIST_KEY_NSHumanReadableCopyright = "";
				INFOPLIST_KEY_NSMainNibFile = MainMenu;
				INFOPLIST_KEY_NSPrincipalClass = NSApplication;
				LD_RUNPATH_SEARCH_PATHS = (
					"$(inherited)",
					"@executable_path/../Frameworks",
				);
				MARKETING_VERSION = 1.0;
				PRODUCT_BUNDLE_IDENTIFIER = "com.xs-labs.FB15174703";
				PRODUCT_NAME = "$(TARGET_NAME)";
				SWIFT_EMIT_LOC_STRINGS = YES;
				SWIFT_VERSION = 5.0;
			};
			name = Debug;
		};
		0520FB8C2C9C2DB400515ECD /* Release */ = {
			isa = XCBuildConfiguration;
			buildSettings = {
				ASSETCATALOG_COMPILER_APPICON_NAME = AppIcon;
				ASSETCATALOG_COMPILER_GLOBAL_ACCENT_COLOR_NAME = AccentColor;
				CODE_SIGN_ENTITLEMENTS = FB15174703/FB15174703.entitlements;
				CODE_SIGN_STYLE = Automatic;
				COMBINE_HIDPI_IMAGES = YES;
				CURRENT_PROJECT_VERSION = 1;
				GENERATE_INFOPLIST_FILE = YES;
				INFOPLIST_KEY_NSHumanReadableCopyright = "";
				INFOPLIST_KEY_NSMainNibFile = MainMenu;
				INFOPLIST_KEY_NSPrincipalClass = NSApplication;
				LD_RUNPATH_SEARCH_PATHS = (
					"$(inherited)",
					"@executable_path/../Frameworks",
				);
				MARKETING_VERSION = 1.0;
				PRODUCT_BUNDLE_IDENTIFIER = "com.xs-labs.FB15174703";
				PRODUCT_NAME = "$(TARGET_NAME)";
				SWIFT_EMIT_LOC_STRINGS = YES;
				SWIFT_VERSION = 5.0;
			};
			name = Release;
		};
/* End XCBuildConfiguration section */

/* Begin XCConfigurationList section */
		0520FB782C9C2DB200515ECD /* Build configuration list for PBXProject "FB15174703" */ = {
			isa = XCConfigurationList;
			buildConfigurations = (
				0520FB882C9C2DB400515ECD /* Debug */,
				0520FB892C9C2DB400515ECD /* Release */,
			);
			defaultConfigurationIsVisible = 0;
			defaultConfigurationName = Release;
		};
		0520FB8A2C9C2DB400515ECD /* Build configuration list for PBXNativeTarget "FB15174703" */ = {
			isa = XCConfigurationList;
			buildConfigurations = (
				0520FB8B2C9C2DB400515ECD /* Debug */,
				0520FB8C2C9C2DB400515ECD /* Release */,
			);
			defaultConfigurationIsVisible = 0;
			defaultConfigurationName = Release;
		};
/* End XCConfigurationList section */
	};
	rootObject = 0520FB752C9C2DB200515ECD /* Project object */;
}
